
Microsoft Visual Studio Solution File, Format Version 12.00
# Visual Studio Version 16
VisualStudioVersion = 16.0.29123.88
MinimumVisualStudioVersion = 10.0.40219.1
Project("{9A19103F-16F7-4668-BE54-9A1E7A4F7556}") = "Singleton", "Singleton\Singleton.csproj", "{0A0E1412-6A6C-4562-BCEF-86BE879C7356}"
EndProject
Project("{9A19103F-16F7-4668-BE54-9A1E7A4F7556}") = "FactoryMethod", "FactoryMethod\FactoryMethod.csproj", "{45563E11-8E3A-48AA-936E-D5B9F116CE41}"
EndProject
Project("{9A19103F-16F7-4668-BE54-9A1E7A4F7556}") = "AbstractFactory", "AbstractFactory\AbstractFactory.csproj", "{3469AB3A-BAE5-42E9-99BF-4235923AF446}"
EndProject
Project("{FAE04EC0-301F-11D3-BF4B-00C04F79EFBC}") = "Prototype", "Prototype\Prototype.csproj", "{46CE6218-58CF-4068-B255-B188FBD6D4F0}"
EndProject
Project("{FAE04EC0-301F-11D3-BF4B-00C04F79EFBC}") = "Builder", "Builder\Builder.csproj", "{022489CA-A464-4EF7-8899-B3F0FD6B2BDE}"
EndProject
Project("{FAE04EC0-301F-11D3-BF4B-00C04F79EFBC}") = "Facade", "Facade\Facade.csproj", "{60AB900A-DFDF-40EA-B0D3-54C563832967}"
EndProject
Global
	GlobalSection(SolutionConfigurationPlatforms) = preSolution
		Debug|Any CPU = Debug|Any CPU
		Release|Any CPU = Release|Any CPU
	EndGlobalSection
	GlobalSection(ProjectConfigurationPlatforms) = postSolution
		{0A0E1412-6A6C-4562-BCEF-86BE879C7356}.Debug|Any CPU.ActiveCfg = Debug|Any CPU
		{0A0E1412-6A6C-4562-BCEF-86BE879C7356}.Debug|Any CPU.Build.0 = Debug|Any CPU
		{0A0E1412-6A6C-4562-BCEF-86BE879C7356}.Release|Any CPU.ActiveCfg = Release|Any CPU
		{0A0E1412-6A6C-4562-BCEF-86BE879C7356}.Release|Any CPU.Build.0 = Release|Any CPU
		{45563E11-8E3A-48AA-936E-D5B9F116CE41}.Debug|Any CPU.ActiveCfg = Debug|Any CPU
		{45563E11-8E3A-48AA-936E-D5B9F116CE41}.Debug|Any CPU.Build.0 = Debug|Any CPU
		{45563E11-8E3A-48AA-936E-D5B9F116CE41}.Release|Any CPU.ActiveCfg = Release|Any CPU
		{45563E11-8E3A-48AA-936E-D5B9F116CE41}.Release|Any CPU.Build.0 = Release|Any CPU
		{3469AB3A-BAE5-42E9-99BF-4235923AF446}.Debug|Any CPU.ActiveCfg = Debug|Any CPU
		{3469AB3A-BAE5-42E9-99BF-4235923AF446}.Debug|Any CPU.Build.0 = Debug|Any CPU
		{3469AB3A-BAE5-42E9-99BF-4235923AF446}.Release|Any CPU.ActiveCfg = Release|Any CPU
		{3469AB3A-BAE5-42E9-99BF-4235923AF446}.Release|Any CPU.Build.0 = Release|Any CPU
		{46CE6218-58CF-4068-B255-B188FBD6D4F0}.Debug|Any CPU.ActiveCfg = Debug|Any CPU
		{46CE6218-58CF-4068-B255-B188FBD6D4F0}.Debug|Any CPU.Build.0 = Debug|Any CPU
		{46CE6218-58CF-4068-B255-B188FBD6D4F0}.Release|Any CPU.ActiveCfg = Release|Any CPU
		{46CE6218-58CF-4068-B255-B188FBD6D4F0}.Release|Any CPU.Build.0 = Release|Any CPU
		{022489CA-A464-4EF7-8899-B3F0FD6B2BDE}.Debug|Any CPU.ActiveCfg = Debug|Any CPU
		{022489CA-A464-4EF7-8899-B3F0FD6B2BDE}.Debug|Any CPU.Build.0 = Debug|Any CPU
		{022489CA-A464-4EF7-8899-B3F0FD6B2BDE}.Release|Any CPU.ActiveCfg = Release|Any CPU
		{022489CA-A464-4EF7-8899-B3F0FD6B2BDE}.Release|Any CPU.Build.0 = Release|Any CPU
		{60AB900A-DFDF-40EA-B0D3-54C563832967}.Debug|Any CPU.ActiveCfg = Debug|Any CPU
		{60AB900A-DFDF-40EA-B0D3-54C563832967}.Debug|Any CPU.Build.0 = Debug|Any CPU
		{60AB900A-DFDF-40EA-B0D3-54C563832967}.Release|Any CPU.ActiveCfg = Release|Any CPU
		{60AB900A-DFDF-40EA-B0D3-54C563832967}.Release|Any CPU.Build.0 = Release|Any CPU
	EndGlobalSection
	GlobalSection(SolutionProperties) = preSolution
		HideSolutionNode = FALSE
	EndGlobalSection
	GlobalSection(ExtensibilityGlobals) = postSolution
		SolutionGuid = {BC2B2126-52CB-4C67-B66E-A8DA6276BF06}
	EndGlobalSection
EndGlobal
